<Solution>
  <Folder Name="/src/">
    <Project Path="src/NdsForge.Cli/NdsForge.Cli.csproj" />
    <Project Path="src/NdsForge.Nitro/NdsForge.Nitro.csproj" />
    <Project Path="src/NdsForge/NdsForge.csproj" />
  </Folder>
  <Folder Name="/tests/">
    <Project Path="tests/NdsForge.CompatibilityTests/NdsForge.CompatibilityTests.csproj" />
    <Project Path="tests/NdsForge.Nitro.Tests/NdsForge.Nitro.Tests.csproj" />
    <Project Path="tests/NdsForge.Tests/NdsForge.Tests.csproj" />
  </Folder>
  <Folder Name="/tools/">
    <Project Path="tools/NdsForge.Corpus/NdsForge.Corpus.csproj" />
  </Folder>
</Solution>
